
Microsoft Visual Studio Solution File, Format Version 12.00
# Visual Studio Version 17
VisualStudioVersion = 17.11.35312.102
MinimumVisualStudioVersion = 10.0.40219.1
Project("{FAE04EC0-301F-11D3-BF4B-00C04F79EFBC}") = "SampleMVC", "SampleMVC\SampleMVC.csproj", "{520D02E8-06A7-496D-A122-AE4309429667}"
EndProject
Global
	GlobalSection(SolutionConfigurationPlatforms) = preSolution
		Debug|Any CPU = Debug|Any CPU
		Release|Any CPU = Release|Any CPU
	EndGlobalSection
	GlobalSection(ProjectConfigurationPlatforms) = postSolution
		{520D02E8-06A7-496D-A122-AE4309429667}.Debug|Any CPU.ActiveCfg = Debug|Any CPU
		{520D02E8-06A7-496D-A122-AE4309429667}.Debug|Any CPU.Build.0 = Debug|Any CPU
		{520D02E8-06A7-496D-A122-AE4309429667}.Release|Any CPU.ActiveCfg = Release|Any CPU
		{520D02E8-06A7-496D-A122-AE4309429667}.Release|Any CPU.Build.0 = Release|Any CPU
	EndGlobalSection
	GlobalSection(SolutionProperties) = preSolution
		HideSolutionNode = FALSE
	EndGlobalSection
	GlobalSection(ExtensibilityGlobals) = postSolution
		SolutionGuid = {C23F1372-092A-48A3-8F09-E00C248C7DB4}
	EndGlobalSection
EndGlobal
